
Microsoft Visual Studio Solution File, Format Version 12.00
# Visual Studio Version 17
VisualStudioVersion = 17.13.35806.99 d17.13
MinimumVisualStudioVersion = 10.0.40219.1
Project("{FAE04EC0-301F-11D3-BF4B-00C04F79EFBC}") = "WarshipBattle", "WarshipBattle\WarshipBattle.csproj", "{ED7CF4F2-FCED-49B9-8418-6D3CD65F121E}"
EndProject
Global
	GlobalSection(SolutionConfigurationPlatforms) = preSolution
		Debug|Any CPU = Debug|Any CPU
		Release|Any CPU = Release|Any CPU
	EndGlobalSection
	GlobalSection(ProjectConfigurationPlatforms) = postSolution
		{ED7CF4F2-FCED-49B9-8418-6D3CD65F121E}.Debug|Any CPU.ActiveCfg = Debug|Any CPU
		{ED7CF4F2-FCED-49B9-8418-6D3CD65F121E}.Debug|Any CPU.Build.0 = Debug|Any CPU
		{ED7CF4F2-FCED-49B9-8418-6D3CD65F121E}.Release|Any CPU.ActiveCfg = Release|Any CPU
		{ED7CF4F2-FCED-49B9-8418-6D3CD65F121E}.Release|Any CPU.Build.0 = Release|Any CPU
	EndGlobalSection
	GlobalSection(SolutionProperties) = preSolution
		HideSolutionNode = FALSE
	EndGlobalSection
	GlobalSection(ExtensibilityGlobals) = postSolution
		SolutionGuid = {4EED13D8-1FAA-47D0-914B-8157085A098C}
	EndGlobalSection
EndGlobal
